// !$*UTF8*$!
{
	archiveVersion = 1;
	classes = {
	};
	objectVersion = 46;
	objects = {

/* Begin PBXBuildFile section */
		3FE293621F554C7500AB03C4 /* AppDelegate.swift in Sources */ = {isa = PBXBuildFile; fileRef = 3FE293611F554C7500AB03C4 /* AppDelegate.swift */; };
		3FE293641F554C7500AB03C4 /* ViewController.swift in Sources */ = {isa = PBXBuildFile; fileRef = 3FE293631F554C7500AB03C4 /* ViewController.swift */; };
		3FE293671F554C7500AB03C4 /* Main.storyboard in Resources */ = {isa = PBXBuildFile; fileRef = 3FE293651F554C7500AB03C4 /* Main.storyboard */; };
		3FE2936A1F554C7600AB03C4 /* PAnciano02.xcdatamodeld in Sources */ = {isa = PBXBuildFile; fileRef = 3FE293681F554C7500AB03C4 /* PAnciano02.xcdatamodeld */; };
		3FE2936C1F554C7600AB03C4 /* Assets.xcassets in Resources */ = {isa = PBXBuildFile; fileRef = 3FE2936B1F554C7600AB03C4 /* Assets.xcassets */; };
		3FE2936F1F554C7600AB03C4 /* LaunchScreen.storyboard in Resources */ = {isa = PBXBuildFile; fileRef = 3FE2936D1F554C7600AB03C4 /* LaunchScreen.storyboard */; };
		3FE2937A1F554C7A00AB03C4 /* PAnciano02Tests.swift in Sources */ = {isa = PBXBuildFile; fileRef = 3FE293791F554C7A00AB03C4 /* PAnciano02Tests.swift */; };
		3FE293851F554C7A00AB03C4 /* PAnciano02UITests.swift in Sources */ = {isa = PBXBuildFile; fileRef = 3FE293841F554C7A00AB03C4 /* PAnciano02UITests.swift */; };
		3FE293951F554E7F00AB03C4 /* big_mac_pop_up.png in Resources */ = {isa = PBXBuildFile; fileRef = 3FE293941F554E7F00AB03C4 /* big_mac_pop_up.png */; };
		3FE293971F554E9500AB03C4 /* Base_TwisterFries.png in Resources */ = {isa = PBXBuildFile; fileRef = 3FE293961F554E9500AB03C4 /* Base_TwisterFries.png */; };
		3FE293991F554F0C00AB03C4 /* quarter_pound.png in Resources */ = {isa = PBXBuildFile; fileRef = 3FE293981F554F0C00AB03C4 /* quarter_pound.png */; };
		3FE2939B1F55514300AB03C4 /* burger_mcdo.png in Resources */ = {isa = PBXBuildFile; fileRef = 3FE2939A1F55514300AB03C4 /* burger_mcdo.png */; };
		3FE2939D1F55516A00AB03C4 /* apple_pie.png in Resources */ = {isa = PBXBuildFile; fileRef = 3FE2939C1F55516A00AB03C4 /* apple_pie.png */; };
		3FE2939F1F5551A600AB03C4 /* chix_alaking_noFries_ala.png in Resources */ = {isa = PBXBuildFile; fileRef = 3FE2939E1F5551A600AB03C4 /* chix_alaking_noFries_ala.png */; };
/* End PBXBuildFile section */

/* Begin PBXContainerItemProxy section */
		3FE293761F554C7A00AB03C4 /* PBXContainerItemProxy */ = {
			isa = PBXContainerItemProxy;
			containerPortal = 3FE293561F554C7400AB03C4 /* Project object */;
			proxyType = 1;
			remoteGlobalIDString = 3FE2935D1F554C7400AB03C4;
			remoteInfo = PAnciano02;
		};
		3FE293811F554C7A00AB03C4 /* PBXContainerItemProxy */ = {
			isa = PBXContainerItemProxy;
			containerPortal = 3FE293561F554C7400AB03C4 /* Project object */;
			proxyType = 1;
			remoteGlobalIDString = 3FE2935D1F554C7400AB03C4;
			remoteInfo = PAnciano02;
		};
/* End PBXContainerItemProxy section */

/* Begin PBXFileReference section */
		3FE2935E1F554C7400AB03C4 /* PAnciano02.app */ = {isa = PBXFileReference; explicitFileType = wrapper.application; includeInIndex = 0; path = PAnciano02.app; sourceTree = BUILT_PRODUCTS_DIR; };
		3FE293611F554C7500AB03C4 /* AppDelegate.swift */ = {isa = PBXFileReference; lastKnownFileType = sourcecode.swift; path = AppDelegate.swift; sourceTree = "<group>"; };
		3FE293631F554C7500AB03C4 /* ViewController.swift */ = {isa = PBXFileReference; lastKnownFileType = sourcecode.swift; path = ViewController.swift; sourceTree = "<group>"; };
		3FE293661F554C7500AB03C4 /* Base */ = {isa = PBXFileReference; lastKnownFileType = file.storyboard; name = Base; path = Base.lproj/Main.storyboard; sourceTree = "<group>"; };
		3FE293691F554C7500AB03C4 /* PAnciano02.xcdatamodel */ = {isa = PBXFileReference; lastKnownFileType = wrapper.xcdatamodel; path = PAnciano02.xcdatamodel; sourceTree = "<group>"; };
		3FE2936B1F554C7600AB03C4 /* Assets.xcassets */ = {isa = PBXFileReference; lastKnownFileType = folder.assetcatalog; path = Assets.xcassets; sourceTree = "<group>"; };
		3FE2936E1F554C7600AB03C4 /* Base */ = {isa = PBXFileReference; lastKnownFileType = file.storyboard; name = Base; path = Base.lproj/LaunchScreen.storyboard; sourceTree = "<group>"; };
		3FE293701F554C7600AB03C4 /* Info.plist */ = {isa = PBXFileReference; lastKnownFileType = text.plist.xml; path = Info.plist; sourceTree = "<group>"; };
		3FE293751F554C7A00AB03C4 /* PAnciano02Tests.xctest */ = {isa = PBXFileReference; explicitFileType = wrapper.cfbundle; includeInIndex = 0; path = PAnciano02Tests.xctest; sourceTree = BUILT_PRODUCTS_DIR; };
		3FE293791F554C7A00AB03C4 /* PAnciano02Tests.swift */ = {isa = PBXFileReference; lastKnownFileType = sourcecode.swift; path = PAnciano02Tests.swift; sourceTree = "<group>"; };
		3FE2937B1F554C7A00AB03C4 /* Info.plist */ = {isa = PBXFileReference; lastKnownFileType = text.plist.xml; path = Info.plist; sourceTree = "<group>"; };
		3FE293801F554C7A00AB03C4 /* PAnciano02UITests.xctest */ = {isa = PBXFileReference; explicitFileType = wrapper.cfbundle; includeInIndex = 0; path = PAnciano02UITests.xctest; sourceTree = BUILT_PRODUCTS_DIR; };
		3FE293841F554C7A00AB03C4 /* PAnciano02UITests.swift */ = {isa = PBXFileReference; lastKnownFileType = sourcecode.swift; path = PAnciano02UITests.swift; sourceTree = "<group>"; };
		3FE293861F554C7A00AB03C4 /* Info.plist */ = {isa = PBXFileReference; lastKnownFileType = text.plist.xml; path = Info.plist; sourceTree = "<group>"; };
		3FE293941F554E7F00AB03C4 /* big_mac_pop_up.png */ = {isa = PBXFileReference; lastKnownFileType = image.png; path = big_mac_pop_up.png; sourceTree = "<group>"; };
		3FE293961F554E9500AB03C4 /* Base_TwisterFries.png */ = {isa = PBXFileReference; lastKnownFileType = image.png; path = Base_TwisterFries.png; sourceTree = "<group>"; };
		3FE293981F554F0C00AB03C4 /* quarter_pound.png */ = {isa = PBXFileReference; lastKnownFileType = image.png; path = quarter_pound.png; sourceTree = "<group>"; };
		3FE2939A1F55514300AB03C4 /* burger_mcdo.png */ = {isa = PBXFileReference; lastKnownFileType = image.png; path = burger_mcdo.png; sourceTree = "<group>"; };
		3FE2939C1F55516A00AB03C4 /* apple_pie.png */ = {isa = PBXFileReference; lastKnownFileType = image.png; path = apple_pie.png; sourceTree = "<group>"; };
		3FE2939E1F5551A600AB03C4 /* chix_alaking_noFries_ala.png */ = {isa = PBXFileReference; lastKnownFileType = image.png; path = chix_alaking_noFries_ala.png; sourceTree = "<group>"; };
/* End PBXFileReference section */

/* Begin PBXFrameworksBuildPhase section */
		3FE2935B1F554C7400AB03C4 /* Frameworks */ = {
			isa = PBXFrameworksBuildPhase;
			buildActionMask = 2147483647;
			files = (
			);
			runOnlyForDeploymentPostprocessing = 0;
		};
		3FE293721F554C7A00AB03C4 /* Frameworks */ = {
			isa = PBXFrameworksBuildPhase;
			buildActionMask = 2147483647;
			files = (
			);
			runOnlyForDeploymentPostprocessing = 0;
		};
		3FE2937D1F554C7A00AB03C4 /* Frameworks */ = {
			isa = PBXFrameworksBuildPhase;
			buildActionMask = 2147483647;
			files = (
			);
			runOnlyForDeploymentPostprocessing = 0;
		};
/* End PBXFrameworksBuildPhase section */

/* Begin PBXGroup section */
		3FE293551F554C7400AB03C4 = {
			isa = PBXGroup;
			children = (
				3FE293601F554C7500AB03C4 /* PAnciano02 */,
				3FE293781F554C7A00AB03C4 /* PAnciano02Tests */,
				3FE293831F554C7A00AB03C4 /* PAnciano02UITests */,
				3FE2935F1F554C7400AB03C4 /* Products */,
			);
			sourceTree = "<group>";
		};
		3FE2935F1F554C7400AB03C4 /* Products */ = {
			isa = PBXGroup;
			children = (
				3FE2935E1F554C7400AB03C4 /* PAnciano02.app */,
				3FE293751F554C7A00AB03C4 /* PAnciano02Tests.xctest */,
				3FE293801F554C7A00AB03C4 /* PAnciano02UITests.xctest */,
			);
			name = Products;
			sourceTree = "<group>";
		};
		3FE293601F554C7500AB03C4 /* PAnciano02 */ = {
			isa = PBXGroup;
			children = (
				3FE293611F554C7500AB03C4 /* AppDelegate.swift */,
				3FE293631F554C7500AB03C4 /* ViewController.swift */,
				3FE293651F554C7500AB03C4 /* Main.storyboard */,
				3FE293941F554E7F00AB03C4 /* big_mac_pop_up.png */,
				3FE293981F554F0C00AB03C4 /* quarter_pound.png */,
				3FE2939E1F5551A600AB03C4 /* chix_alaking_noFries_ala.png */,
				3FE2939C1F55516A00AB03C4 /* apple_pie.png */,
				3FE2939A1F55514300AB03C4 /* burger_mcdo.png */,
				3FE293961F554E9500AB03C4 /* Base_TwisterFries.png */,
				3FE2936B1F554C7600AB03C4 /* Assets.xcassets */,
				3FE2936D1F554C7600AB03C4 /* LaunchScreen.storyboard */,
				3FE293701F554C7600AB03C4 /* Info.plist */,
				3FE293681F554C7500AB03C4 /* PAnciano02.xcdatamodeld */,
			);
			path = PAnciano02;
			sourceTree = "<group>";
		};
		3FE293781F554C7A00AB03C4 /* PAnciano02Tests */ = {
			isa = PBXGroup;
			children = (
				3FE293791F554C7A00AB03C4 /* PAnciano02Tests.swift */,
				3FE2937B1F554C7A00AB03C4 /* Info.plist */,
			);
			path = PAnciano02Tests;
			sourceTree = "<group>";
		};
		3FE293831F554C7A00AB03C4 /* PAnciano02UITests */ = {
			isa = PBXGroup;
			children = (
				3FE293841F554C7A00AB03C4 /* PAnciano02UITests.swift */,
				3FE293861F554C7A00AB03C4 /* Info.plist */,
			);
			path = PAnciano02UITests;
			sourceTree = "<group>";
		};
/* End PBXGroup section */

/* Begin PBXNativeTarget section */
		3FE2935D1F554C7400AB03C4 /* PAnciano02 */ = {
			isa = PBXNativeTarget;
			buildConfigurationList = 3FE293891F554C7A00AB03C4 /* Build configuration list for PBXNativeTarget "PAnciano02" */;
			buildPhases = (
				3FE2935A1F554C7400AB03C4 /* Sources */,
				3FE2935B1F554C7400AB03C4 /* Frameworks */,
				3FE2935C1F554C7400AB03C4 /* Resources */,
			);
			buildRules = (
			);
			dependencies = (
			);
			name = PAnciano02;
			productName = PAnciano02;
			productReference = 3FE2935E1F554C7400AB03C4 /* PAnciano02.app */;
			productType = "com.apple.product-type.application";
		};
		3FE293741F554C7A00AB03C4 /* PAnciano02Tests */ = {
			isa = PBXNativeTarget;
			buildConfigurationList = 3FE2938C1F554C7A00AB03C4 /* Build configuration list for PBXNativeTarget "PAnciano02Tests" */;
			buildPhases = (
				3FE293711F554C7A00AB03C4 /* Sources */,
				3FE293721F554C7A00AB03C4 /* Frameworks */,
				3FE293731F554C7A00AB03C4 /* Resources */,
			);
			buildRules = (
			);
			dependencies = (
				3FE293771F554C7A00AB03C4 /* PBXTargetDependency */,
			);
			name = PAnciano02Tests;
			productName = PAnciano02Tests;
			productReference = 3FE293751F554C7A00AB03C4 /* PAnciano02Tests.xctest */;
			productType = "com.apple.product-type.bundle.unit-test";
		};
		3FE2937F1F554C7A00AB03C4 /* PAnciano02UITests */ = {
			isa = PBXNativeTarget;
			buildConfigurationList = 3FE2938F1F554C7A00AB03C4 /* Build configuration list for PBXNativeTarget "PAnciano02UITests" */;
			buildPhases = (
				3FE2937C1F554C7A00AB03C4 /* Sources */,
				3FE2937D1F554C7A00AB03C4 /* Frameworks */,
				3FE2937E1F554C7A00AB03C4 /* Resources */,
			);
			buildRules = (
			);
			dependencies = (
				3FE293821F554C7A00AB03C4 /* PBXTargetDependency */,
			);
			name = PAnciano02UITests;
			productName = PAnciano02UITests;
			productReference = 3FE293801F554C7A00AB03C4 /* PAnciano02UITests.xctest */;
			productType = "com.apple.product-type.bundle.ui-testing";
		};
/* End PBXNativeTarget section */

/* Begin PBXProject section */
		3FE293561F554C7400AB03C4 /* Project object */ = {
			isa = PBXProject;
			attributes = {
				LastSwiftUpdateCheck = 0810;
				LastUpgradeCheck = 0810;
				ORGANIZATIONNAME = dlsud;
				TargetAttributes = {
					3FE2935D1F554C7400AB03C4 = {
						CreatedOnToolsVersion = 8.1;
						ProvisioningStyle = Automatic;
					};
					3FE293741F554C7A00AB03C4 = {
						CreatedOnToolsVersion = 8.1;
						ProvisioningStyle = Automatic;
						TestTargetID = 3FE2935D1F554C7400AB03C4;
					};
					3FE2937F1F554C7A00AB03C4 = {
						CreatedOnToolsVersion = 8.1;
						ProvisioningStyle = Automatic;
						TestTargetID = 3FE2935D1F554C7400AB03C4;
					};
				};
			};
			buildConfigurationList = 3FE293591F554C7400AB03C4 /* Build configuration list for PBXProject "PAnciano02" */;
			compatibilityVersion = "Xcode 3.2";
			developmentRegion = English;
			hasScannedForEncodings = 0;
			knownRegions = (
				en,
				Base,
			);
			mainGroup = 3FE293551F554C7400AB03C4;
			productRefGroup = 3FE2935F1F554C7400AB03C4 /* Products */;
			projectDirPath = "";
			projectRoot = "";
			targets = (
				3FE2935D1F554C7400AB03C4 /* PAnciano02 */,
				3FE293741F554C7A00AB03C4 /* PAnciano02Tests */,
				3FE2937F1F554C7A00AB03C4 /* PAnciano02UITests */,
			);
		};
/* End PBXProject section */

/* Begin PBXResourcesBuildPhase section */
		3FE2935C1F554C7400AB03C4 /* Resources */ = {
			isa = PBXResourcesBuildPhase;
			buildActionMask = 2147483647;
			files = (
				3FE2939F1F5551A600AB03C4 /* chix_alaking_noFries_ala.png in Resources */,
				3FE293971F554E9500AB03C4 /* Base_TwisterFries.png in Resources */,
				3FE2936F1F554C7600AB03C4 /* LaunchScreen.storyboard in Resources */,
				3FE293951F554E7F00AB03C4 /* big_mac_pop_up.png in Resources */,
				3FE293991F554F0C00AB03C4 /* quarter_pound.png in Resources */,
				3FE2939B1F55514300AB03C4 /* burger_mcdo.png in Resources */,
				3FE2936C1F554C7600AB03C4 /* Assets.xcassets in Resources */,
				3FE293671F554C7500AB03C4 /* Main.storyboard in Resources */,
				3FE2939D1F55516A00AB03C4 /* apple_pie.png in Resources */,
			);
			runOnlyForDeploymentPostprocessing = 0;
		};
		3FE293731F554C7A00AB03C4 /* Resources */ = {
			isa = PBXResourcesBuildPhase;
			buildActionMask = 2147483647;
			files = (
			);
			runOnlyForDeploymentPostprocessing = 0;
		};
		3FE2937E1F554C7A00AB03C4 /* Resources */ = {
			isa = PBXResourcesBuildPhase;
			buildActionMask = 2147483647;
			files = (
			);
			runOnlyForDeploymentPostprocessing = 0;
		};
/* End PBXResourcesBuildPhase section */

/* Begin PBXSourcesBuildPhase section */
		3FE2935A1F554C7400AB03C4 /* Sources */ = {
			isa = PBXSourcesBuildPhase;
			buildActionMask = 2147483647;
			files = (
				3FE293641F554C7500AB03C4 /* ViewController.swift in Sources */,
				3FE2936A1F554C7600AB03C4 /* PAnciano02.xcdatamodeld in Sources */,
				3FE293621F554C7500AB03C4 /* AppDelegate.swift in Sources */,
			);
			runOnlyForDeploymentPostprocessing = 0;
		};
		3FE293711F554C7A00AB03C4 /* Sources */ = {
			isa = PBXSourcesBuildPhase;
			buildActionMask = 2147483647;
			files = (
				3FE2937A1F554C7A00AB03C4 /* PAnciano02Tests.swift in Sources */,
			);
			runOnlyForDeploymentPostprocessing = 0;
		};
		3FE2937C1F554C7A00AB03C4 /* Sources */ = {
			isa = PBXSourcesBuildPhase;
			buildActionMask = 2147483647;
			files = (
				3FE293851F554C7A00AB03C4 /* PAnciano02UITests.swift in Sources */,
			);
			runOnlyForDeploymentPostprocessing = 0;
		};
/* End PBXSourcesBuildPhase section */

/* Begin PBXTargetDependency section */
		3FE293771F554C7A00AB03C4 /* PBXTargetDependency */ = {
			isa = PBXTargetDependency;
			target = 3FE2935D1F554C7400AB03C4 /* PAnciano02 */;
			targetProxy = 3FE293761F554C7A00AB03C4 /* PBXContainerItemProxy */;
		};
		3FE293821F554C7A00AB03C4 /* PBXTargetDependency */ = {
			isa = PBXTargetDependency;
			target = 3FE2935D1F554C7400AB03C4 /* PAnciano02 */;
			targetProxy = 3FE293811F554C7A00AB03C4 /* PBXContainerItemProxy */;
		};
/* End PBXTargetDependency section */

/* Begin PBXVariantGroup section */
		3FE293651F554C7500AB03C4 /* Main.storyboard */ = {
			isa = PBXVariantGroup;
			children = (
				3FE293661F554C7500AB03C4 /* Base */,
			);
			name = Main.storyboard;
			sourceTree = "<group>";
		};
		3FE2936D1F554C7600AB03C4 /* LaunchScreen.storyboard */ = {
			isa = PBXVariantGroup;
			children = (
				3FE2936E1F554C7600AB03C4 /* Base */,
			);
			name = LaunchScreen.storyboard;
			sourceTree = "<group>";
		};
/* End PBXVariantGroup section */

/* Begin XCBuildConfiguration section */
		3FE293871F554C7A00AB03C4 /* Debug */ = {
			isa = XCBuildConfiguration;
			buildSettings = {
				ALWAYS_SEARCH_USER_PATHS = NO;
				CLANG_ANALYZER_NONNULL = YES;
				CLANG_CXX_LANGUAGE_STANDARD = "gnu++0x";
				CLANG_CXX_LIBRARY = "libc++";
				CLANG_ENABLE_MODULES = YES;
				CLANG_ENABLE_OBJC_ARC = YES;
				CLANG_WARN_BOOL_CONVERSION = YES;
				CLANG_WARN_CONSTANT_CONVERSION = YES;
				CLANG_WARN_DIRECT_OBJC_ISA_USAGE = YES_ERROR;
				CLANG_WARN_DOCUMENTATION_COMMENTS = YES;
				CLANG_WARN_EMPTY_BODY = YES;
				CLANG_WARN_ENUM_CONVERSION = YES;
				CLANG_WARN_INFINITE_RECURSION = YES;
				CLANG_WARN_INT_CONVERSION = YES;
				CLANG_WARN_OBJC_ROOT_CLASS = YES_ERROR;
				CLANG_WARN_SUSPICIOUS_MOVES = YES;
				CLANG_WARN_UNREACHABLE_CODE = YES;
				CLANG_WARN__DUPLICATE_METHOD_MATCH = YES;
				"CODE_SIGN_IDENTITY[sdk=iphoneos*]" = "iPhone Developer";
				COPY_PHASE_STRIP = NO;
				DEBUG_INFORMATION_FORMAT = dwarf;
				ENABLE_STRICT_OBJC_MSGSEND = YES;
				ENABLE_TESTABILITY = YES;
				GCC_C_LANGUAGE_STANDARD = gnu99;
				GCC_DYNAMIC_NO_PIC = NO;
				GCC_NO_COMMON_BLOCKS = YES;
				GCC_OPTIMIZATION_LEVEL = 0;
				GCC_PREPROCESSOR_DEFINITIONS = (
					"DEBUG=1",
					"$(inherited)",
				);
				GCC_WARN_64_TO_32_BIT_CONVERSION = YES;
				GCC_WARN_ABOUT_RETURN_TYPE = YES_ERROR;
				GCC_WARN_UNDECLARED_SELECTOR = YES;
				GCC_WARN_UNINITIALIZED_AUTOS = YES_AGGRESSIVE;
				GCC_WARN_UNUSED_FUNCTION = YES;
				GCC_WARN_UNUSED_VARIABLE = YES;
				IPHONEOS_DEPLOYMENT_TARGET = 10.1;
				MTL_ENABLE_DEBUG_INFO = YES;
				ONLY_ACTIVE_ARCH = YES;
				SDKROOT = iphoneos;
				SWIFT_ACTIVE_COMPILATION_CONDITIONS = DEBUG;
				SWIFT_OPTIMIZATION_LEVEL = "-Onone";
			};
			name = Debug;
		};
		3FE293881F554C7A00AB03C4 /* Release */ = {
			isa = XCBuildConfiguration;
			buildSettings = {
				ALWAYS_SEARCH_USER_PATHS = NO;
				CLANG_ANALYZER_NONNULL = YES;
				CLANG_CXX_LANGUAGE_STANDARD = "gnu++0x";
				CLANG_CXX_LIBRARY = "libc++";
				CLANG_ENABLE_MODULES = YES;
				CLANG_ENABLE_OBJC_ARC = YES;
				CLANG_WARN_BOOL_CONVERSION = YES;
				CLANG_WARN_CONSTANT_CONVERSION = YES;
				CLANG_WARN_DIRECT_OBJC_ISA_USAGE = YES_ERROR;
				CLANG_WARN_DOCUMENTATION_COMMENTS = YES;
				CLANG_WARN_EMPTY_BODY = YES;
				CLANG_WARN_ENUM_CONVERSION = YES;
				CLANG_WARN_INFINITE_RECURSION = YES;
				CLANG_WARN_INT_CONVERSION = YES;
				CLANG_WARN_OBJC_ROOT_CLASS = YES_ERROR;
				CLANG_WARN_SUSPICIOUS_MOVES = YES;
				CLANG_WARN_UNREACHABLE_CODE = YES;
				CLANG_WARN__DUPLICATE_METHOD_MATCH = YES;
				"CODE_SIGN_IDENTITY[sdk=iphoneos*]" = "iPhone Developer";
				COPY_PHASE_STRIP = NO;
				DEBUG_INFORMATION_FORMAT = "dwarf-with-dsym";
				ENABLE_NS_ASSERTIONS = NO;
				ENABLE_STRICT_OBJC_MSGSEND = YES;
				GCC_C_LANGUAGE_STANDARD = gnu99;
				GCC_NO_COMMON_BLOCKS = YES;
				GCC_WARN_64_TO_32_BIT_CONVERSION = YES;
				GCC_WARN_ABOUT_RETURN_TYPE = YES_ERROR;
				GCC_WARN_UNDECLARED_SELECTOR = YES;
				GCC_WARN_UNINITIALIZED_AUTOS = YES_AGGRESSIVE;
				GCC_WARN_UNUSED_FUNCTION = YES;
				GCC_WARN_UNUSED_VARIABLE = YES;
				IPHONEOS_DEPLOYMENT_TARGET = 10.1;
				MTL_ENABLE_DEBUG_INFO = NO;
				SDKROOT = iphoneos;
				SWIFT_OPTIMIZATION_LEVEL = "-Owholemodule";
				VALIDATE_PRODUCT = YES;
			};
			name = Release;
		};
		3FE2938A1F554C7A00AB03C4 /* Debug */ = {
			isa = XCBuildConfiguration;
			buildSettings = {
				ASSETCATALOG_COMPILER_APPICON_NAME = AppIcon;
				INFOPLIST_FILE = PAnciano02/Info.plist;
				LD_RUNPATH_SEARCH_PATHS = "$(inherited) @executable_path/Frameworks";
				PRODUCT_BUNDLE_IDENTIFIER = com.dlsud.PAnciano02;
				PRODUCT_NAME = "$(TARGET_NAME)";
				SWIFT_VERSION = 3.0;
			};
			name = Debug;
		};
		3FE2938B1F554C7A00AB03C4 /* Release */ = {
			isa = XCBuildConfiguration;
			buildSettings = {
				ASSETCATALOG_COMPILER_APPICON_NAME = AppIcon;
				INFOPLIST_FILE = PAnciano02/Info.plist;
				LD_RUNPATH_SEARCH_PATHS = "$(inherited) @executable_path/Frameworks";
				PRODUCT_BUNDLE_IDENTIFIER = com.dlsud.PAnciano02;
				PRODUCT_NAME = "$(TARGET_NAME)";
				SWIFT_VERSION = 3.0;
			};
			name = Release;
		};
		3FE2938D1F554C7A00AB03C4 /* Debug */ = {
			isa = XCBuildConfiguration;
			buildSettings = {
				ALWAYS_EMBED_SWIFT_STANDARD_LIBRARIES = YES;
				BUNDLE_LOADER = "$(TEST_HOST)";
				INFOPLIST_FILE = PAnciano02Tests/Info.plist;
				LD_RUNPATH_SEARCH_PATHS = "$(inherited) @executable_path/Frameworks @loader_path/Frameworks";
				PRODUCT_BUNDLE_IDENTIFIER = com.dlsud.PAnciano02Tests;
				PRODUCT_NAME = "$(TARGET_NAME)";
				SWIFT_VERSION = 3.0;
				TEST_HOST = "$(BUILT_PRODUCTS_DIR)/PAnciano02.app/PAnciano02";
			};
			name = Debug;
		};
		3FE2938E1F554C7A00AB03C4 /* Release */ = {
			isa = XCBuildConfiguration;
			buildSettings = {
				ALWAYS_EMBED_SWIFT_STANDARD_LIBRARIES = YES;
				BUNDLE_LOADER = "$(TEST_HOST)";
				INFOPLIST_FILE = PAnciano02Tests/Info.plist;
				LD_RUNPATH_SEARCH_PATHS = "$(inherited) @executable_path/Frameworks @loader_path/Frameworks";
				PRODUCT_BUNDLE_IDENTIFIER = com.dlsud.PAnciano02Tests;
				PRODUCT_NAME = "$(TARGET_NAME)";
				SWIFT_VERSION = 3.0;
				TEST_HOST = "$(BUILT_PRODUCTS_DIR)/PAnciano02.app/PAnciano02";
			};
			name = Release;
		};
		3FE293901F554C7A00AB03C4 /* Debug */ = {
			isa = XCBuildConfiguration;
			buildSettings = {
				ALWAYS_EMBED_SWIFT_STANDARD_LIBRARIES = YES;
				INFOPLIST_FILE = PAnciano02UITests/Info.plist;
				LD_RUNPATH_SEARCH_PATHS = "$(inherited) @executable_path/Frameworks @loader_path/Frameworks";
				PRODUCT_BUNDLE_IDENTIFIER = com.dlsud.PAnciano02UITests;
				PRODUCT_NAME = "$(TARGET_NAME)";
				SWIFT_VERSION = 3.0;
				TEST_TARGET_NAME = PAnciano02;
			};
			name = Debug;
		};
		3FE293911F554C7A00AB03C4 /* Release */ = {
			isa = XCBuildConfiguration;
			buildSettings = {
				ALWAYS_EMBED_SWIFT_STANDARD_LIBRARIES = YES;
				INFOPLIST_FILE = PAnciano02UITests/Info.plist;
				LD_RUNPATH_SEARCH_PATHS = "$(inherited) @executable_path/Frameworks @loader_path/Frameworks";
				PRODUCT_BUNDLE_IDENTIFIER = com.dlsud.PAnciano02UITests;
				PRODUCT_NAME = "$(TARGET_NAME)";
				SWIFT_VERSION = 3.0;
				TEST_TARGET_NAME = PAnciano02;
			};
			name = Release;
		};
/* End XCBuildConfiguration section */

/* Begin XCConfigurationList section */
		3FE293591F554C7400AB03C4 /* Build configuration list for PBXProject "PAnciano02" */ = {
			isa = XCConfigurationList;
			buildConfigurations = (
				3FE293871F554C7A00AB03C4 /* Debug */,
				3FE293881F554C7A00AB03C4 /* Release */,
			);
			defaultConfigurationIsVisible = 0;
			defaultConfigurationName = Release;
		};
		3FE293891F554C7A00AB03C4 /* Build configuration list for PBXNativeTarget "PAnciano02" */ = {
			isa = XCConfigurationList;
			buildConfigurations = (
				3FE2938A1F554C7A00AB03C4 /* Debug */,
				3FE2938B1F554C7A00AB03C4 /* Release */,
			);
			defaultConfigurationIsVisible = 0;
		};
		3FE2938C1F554C7A00AB03C4 /* Build configuration list for PBXNativeTarget "PAnciano02Tests" */ = {
			isa = XCConfigurationList;
			buildConfigurations = (
				3FE2938D1F554C7A00AB03C4 /* Debug */,
				3FE2938E1F554C7A00AB03C4 /* Release */,
			);
			defaultConfigurationIsVisible = 0;
		};
		3FE2938F1F554C7A00AB03C4 /* Build configuration list for PBXNativeTarget "PAnciano02UITests" */ = {
			isa = XCConfigurationList;
			buildConfigurations = (
				3FE293901F554C7A00AB03C4 /* Debug */,
				3FE293911F554C7A00AB03C4 /* Release */,
			);
			defaultConfigurationIsVisible = 0;
		};
/* End XCConfigurationList section */

/* Begin XCVersionGroup section */
		3FE293681F554C7500AB03C4 /* PAnciano02.xcdatamodeld */ = {
			isa = XCVersionGroup;
			children = (
				3FE293691F554C7500AB03C4 /* PAnciano02.xcdatamodel */,
			);
			currentVersion = 3FE293691F554C7500AB03C4 /* PAnciano02.xcdatamodel */;
			path = PAnciano02.xcdatamodeld;
			sourceTree = "<group>";
			versionGroupType = wrapper.xcdatamodel;
		};
/* End XCVersionGroup section */
	};
	rootObject = 3FE293561F554C7400AB03C4 /* Project object */;
}
